PODS:
  - SwiftRaydioSDK (1.0.3)

DEPENDENCIES:
  - SwiftRaydioSDK

SPEC REPOS:
  https://github.com/mycrocast/raydioTestPod2:
    - SwiftRaydioSDK

SPEC CHECKSUMS:
  SwiftRaydioSDK: 260352579a98b3d1fee118f395068af090ec0ceb

PODFILE CHECKSUM: 5182bb80f2d1185857e88384a3f8787c96c98693

COCOAPODS: 1.15.0
